
Microsoft Visual Studio Solution File, Format Version 12.00
# Visual Studio Version 17
VisualStudioVersion = 17.6.33815.320
MinimumVisualStudioVersion = 10.0.40219.1
Project("{FAE04EC0-301F-11D3-BF4B-00C04F79EFBC}") = "Adaptive_Layout_Scheduler", "Adaptive_Layout_Scheduler\Adaptive_Layout_Scheduler.csproj", "{7784ACED-1EF1-4A02-AA5D-722A93042914}"
EndProject
Global
	GlobalSection(SolutionConfigurationPlatforms) = preSolution
		Debug|Any CPU = Debug|Any CPU
		Release|Any CPU = Release|Any CPU
	EndGlobalSection
	GlobalSection(ProjectConfigurationPlatforms) = postSolution
		{7784ACED-1EF1-4A02-AA5D-722A93042914}.Debug|Any CPU.ActiveCfg = Debug|Any CPU
		{7784ACED-1EF1-4A02-AA5D-722A93042914}.Debug|Any CPU.Build.0 = Debug|Any CPU
		{7784ACED-1EF1-4A02-AA5D-722A93042914}.Release|Any CPU.ActiveCfg = Release|Any CPU
		{7784ACED-1EF1-4A02-AA5D-722A93042914}.Release|Any CPU.Build.0 = Release|Any CPU
	EndGlobalSection
	GlobalSection(SolutionProperties) = preSolution
		HideSolutionNode = FALSE
	EndGlobalSection
	GlobalSection(ExtensibilityGlobals) = postSolution
		SolutionGuid = {2D860A97-E0F1-4CEF-B4F9-F882E0EAFB3B}
	EndGlobalSection
EndGlobal
